<?xml version="1.0" encoding="utf-8"?>
<Project ToolsVersion="4.0" xmlns="http://schemas.microsoft.com/developer/msbuild/2003">
  <ItemGroup>
    <ClCompile Include="src\main.cpp" />
    <ClCompile Include="src\PlayerShip\playerShip.cpp" />
    <ClCompile Include="src\Game\game.cpp" />
    <ClCompile Include="src\Enemy\enemy.cpp" />
    <ClCompile Include="src\PlayerShip\bullet.cpp" />
    <ClCompile Include="src\Game\collisions.cpp" />
    <ClCompile Include="src\Background\background.cpp" />
  </ItemGroup>
  <ItemGroup>
    <ClInclude Include="src\PlayerShip\playerShip.h" />
    <ClInclude Include="src\Game\game.h" />
    <ClInclude Include="src\Enemy\enemy.h" />
    <ClInclude Include="src\PlayerShip\bullet.h" />
    <ClInclude Include="src\Game\collisions.h" />
    <ClInclude Include="src\Background\background.h" />
  </ItemGroup>
</Project>